// !$*UTF8*$!
{
	archiveVersion = 1;
	classes = {
	};
	objectVersion = 48;
	objects = {

/* Begin PBXBuildFile section */
		5E5214FA219ECF3A0008B0C0 /* Main.storyboard in Resources */ = {isa = PBXBuildFile; fileRef = 5E5214F8219ECF3A0008B0C0 /* Main.storyboard */; };
		AD0BCF68212865D20027C7B9 /* PhotoCell.swift in Sources */ = {isa = PBXBuildFile; fileRef = AD0BCF67212865D20027C7B9 /* PhotoCell.swift */; };
		AD0BCF6A2128662D0027C7B9 /* PhotosViewModel.swift in Sources */ = {isa = PBXBuildFile; fileRef = AD0BCF692128662D0027C7B9 /* PhotosViewModel.swift */; };
		AD0BCF6D212870C50027C7B9 /* APIService.swift in Sources */ = {isa = PBXBuildFile; fileRef = AD0BCF6C212870C50027C7B9 /* APIService.swift */; };
		AD426DE921285EC800FDB4CD /* PhotosViewControllerMVVM.swift in Sources */ = {isa = PBXBuildFile; fileRef = AD426DE821285EC800FDB4CD /* PhotosViewControllerMVVM.swift */; };
		AD426DEC21285FC200FDB4CD /* Photo.swift in Sources */ = {isa = PBXBuildFile; fileRef = AD426DEB21285FC200FDB4CD /* Photo.swift */; };
		AD426DEE2128608A00FDB4CD /* DataManager.swift in Sources */ = {isa = PBXBuildFile; fileRef = AD426DED2128608A00FDB4CD /* DataManager.swift */; };
		AD5A9839213BC4A300D150EE /* XCTestExtensions.swift in Sources */ = {isa = PBXBuildFile; fileRef = AD5A9838213BC4A300D150EE /* XCTestExtensions.swift */; };
		AD5A9840213BC59B00D150EE /* LaunchScreen.storyboard in Resources */ = {isa = PBXBuildFile; fileRef = AD5A983C213BC59B00D150EE /* LaunchScreen.storyboard */; };
		AD5A9845213BC70800D150EE /* AppModules.swift in Sources */ = {isa = PBXBuildFile; fileRef = AD5A9844213BC70800D150EE /* AppModules.swift */; };
		AD5A9847213BC79A00D150EE /* LocalAPIService.swift in Sources */ = {isa = PBXBuildFile; fileRef = AD5A9846213BC79A00D150EE /* LocalAPIService.swift */; };
		AD5A984A213BC81000D150EE /* photos.json in Resources */ = {isa = PBXBuildFile; fileRef = AD5A9849213BC81000D150EE /* photos.json */; };
		AD6E4BEE2128506D0073EE2E /* AppDelegate.swift in Sources */ = {isa = PBXBuildFile; fileRef = AD6E4BED2128506D0073EE2E /* AppDelegate.swift */; };
		AD6E4BF52128506D0073EE2E /* Assets.xcassets in Resources */ = {isa = PBXBuildFile; fileRef = AD6E4BF42128506D0073EE2E /* Assets.xcassets */; };
		AD7239252129DCAC0090154A /* GeneratedMocks.swift in Sources */ = {isa = PBXBuildFile; fileRef = AD7239242129DCAB0090154A /* GeneratedMocks.swift */; };
		AD7EA2ED2128D2890055E14F /* PhotosViewModelTest.swift in Sources */ = {isa = PBXBuildFile; fileRef = AD7EA2EC2128D2890055E14F /* PhotosViewModelTest.swift */; };
		AD7EA2EE2128D29F0055E14F /* PhotosViewModel.swift in Sources */ = {isa = PBXBuildFile; fileRef = AD0BCF692128662D0027C7B9 /* PhotosViewModel.swift */; };
		AD7EA2F12128D3310055E14F /* Photo.swift in Sources */ = {isa = PBXBuildFile; fileRef = AD426DEB21285FC200FDB4CD /* Photo.swift */; };
		ADA81E35219E1E500084CB07 /* Mapper.swift in Sources */ = {isa = PBXBuildFile; fileRef = ADA81E34219E1E500084CB07 /* Mapper.swift */; };
		ADA81E37219E21730084CB07 /* PhotoDto.swift in Sources */ = {isa = PBXBuildFile; fileRef = ADA81E36219E21730084CB07 /* PhotoDto.swift */; };
		ADA81E38219E28AE0084CB07 /* Mapper.swift in Sources */ = {isa = PBXBuildFile; fileRef = ADA81E34219E1E500084CB07 /* Mapper.swift */; };
		ADA81E39219E292F0084CB07 /* PhotoDto.swift in Sources */ = {isa = PBXBuildFile; fileRef = ADA81E36219E21730084CB07 /* PhotoDto.swift */; };
		ADA81E3B219E30220084CB07 /* URLExtension.swift in Sources */ = {isa = PBXBuildFile; fileRef = ADA81E3A219E30220084CB07 /* URLExtension.swift */; };
		ADA81E3D219E323F0084CB07 /* ApiError.swift in Sources */ = {isa = PBXBuildFile; fileRef = ADA81E3C219E323F0084CB07 /* ApiError.swift */; };
		ADA81E3E219E32970084CB07 /* ApiError.swift in Sources */ = {isa = PBXBuildFile; fileRef = ADA81E3C219E323F0084CB07 /* ApiError.swift */; };
		ADCBFAE0213C590500F1A991 /* readme.md in Resources */ = {isa = PBXBuildFile; fileRef = ADCBFADF213C590500F1A991 /* readme.md */; };
		ADCBFAE2213C5AE400F1A991 /* NetworkAPIServiceTest.swift in Sources */ = {isa = PBXBuildFile; fileRef = ADCBFAE1213C5AE400F1A991 /* NetworkAPIServiceTest.swift */; };
		ADCBFAE3213C5B2300F1A991 /* NetworkAPIService.swift in Sources */ = {isa = PBXBuildFile; fileRef = ADEF9037213B1C2F00443D6E /* NetworkAPIService.swift */; };
		ADDF5DF52196E6E500042551 /* PhotosViewControllerMVP.swift in Sources */ = {isa = PBXBuildFile; fileRef = ADDF5DF42196E6E500042551 /* PhotosViewControllerMVP.swift */; };
		ADDF5DF72196E7DA00042551 /* PhotosPresenter.swift in Sources */ = {isa = PBXBuildFile; fileRef = ADDF5DF62196E7DA00042551 /* PhotosPresenter.swift */; };
		ADDF5DF82196E7DC00042551 /* PhotosPresenter.swift in Sources */ = {isa = PBXBuildFile; fileRef = ADDF5DF62196E7DA00042551 /* PhotosPresenter.swift */; };
		ADDF5DFA2196E82B00042551 /* PhotosPresenterTest.swift in Sources */ = {isa = PBXBuildFile; fileRef = ADDF5DF92196E82B00042551 /* PhotosPresenterTest.swift */; };
		ADE1253B213B49ED004521FA /* APIService.swift in Sources */ = {isa = PBXBuildFile; fileRef = AD0BCF6C212870C50027C7B9 /* APIService.swift */; };
		ADEF9035213B1A7D00443D6E /* IDataManager.swift in Sources */ = {isa = PBXBuildFile; fileRef = ADEF9034213B1A7D00443D6E /* IDataManager.swift */; };
		ADEF9036213B1B7300443D6E /* IDataManager.swift in Sources */ = {isa = PBXBuildFile; fileRef = ADEF9034213B1A7D00443D6E /* IDataManager.swift */; };
		ADEF9038213B1C3000443D6E /* NetworkAPIService.swift in Sources */ = {isa = PBXBuildFile; fileRef = ADEF9037213B1C2F00443D6E /* NetworkAPIService.swift */; };
		C5123FB26453E15679274D1F /* Pods_iOSMVVMDemo.framework in Frameworks */ = {isa = PBXBuildFile; fileRef = E609B8E2C95E71A86EB6C657 /* Pods_iOSMVVMDemo.framework */; };
		DA2656EF4962A92C3F1053EC /* Pods_iOSMVVMDemoTests.framework in Frameworks */ = {isa = PBXBuildFile; fileRef = 8A25356394C8DEF973281ACA /* Pods_iOSMVVMDemoTests.framework */; };
/* End PBXBuildFile section */

/* Begin PBXContainerItemProxy section */
		AD6E4BFF2128506E0073EE2E /* PBXContainerItemProxy */ = {
			isa = PBXContainerItemProxy;
			containerPortal = AD6E4BE22128506D0073EE2E /* Project object */;
			proxyType = 1;
			remoteGlobalIDString = AD6E4BE92128506D0073EE2E;
			remoteInfo = iOSMVVMDemo;
		};
/* End PBXContainerItemProxy section */

/* Begin PBXFileReference section */
		060EDFDA88F46AF5CAB617F4 /* Pods-iOSMVVMDemo.release.xcconfig */ = {isa = PBXFileReference; includeInIndex = 1; lastKnownFileType = text.xcconfig; name = "Pods-iOSMVVMDemo.release.xcconfig"; path = "Pods/Target Support Files/Pods-iOSMVVMDemo/Pods-iOSMVVMDemo.release.xcconfig"; sourceTree = "<group>"; };
		1EE28EEAD0DEA7EC2789468C /* Pods-iOSMVVMDemoTests.mock.xcconfig */ = {isa = PBXFileReference; includeInIndex = 1; lastKnownFileType = text.xcconfig; name = "Pods-iOSMVVMDemoTests.mock.xcconfig"; path = "Pods/Target Support Files/Pods-iOSMVVMDemoTests/Pods-iOSMVVMDemoTests.mock.xcconfig"; sourceTree = "<group>"; };
		41A6E479B63472F351939E6D /* Pods-iOSMVVMDemoTests.staging.xcconfig */ = {isa = PBXFileReference; includeInIndex = 1; lastKnownFileType = text.xcconfig; name = "Pods-iOSMVVMDemoTests.staging.xcconfig"; path = "Pods/Target Support Files/Pods-iOSMVVMDemoTests/Pods-iOSMVVMDemoTests.staging.xcconfig"; sourceTree = "<group>"; };
		5E5214F9219ECF3A0008B0C0 /* Base */ = {isa = PBXFileReference; lastKnownFileType = file.storyboard; name = Base; path = Base.lproj/Main.storyboard; sourceTree = "<group>"; };
		75453BAA89132F67AD560140 /* Pods-iOSMVVMDemoTests.debug.xcconfig */ = {isa = PBXFileReference; includeInIndex = 1; lastKnownFileType = text.xcconfig; name = "Pods-iOSMVVMDemoTests.debug.xcconfig"; path = "Pods/Target Support Files/Pods-iOSMVVMDemoTests/Pods-iOSMVVMDemoTests.debug.xcconfig"; sourceTree = "<group>"; };
		89F041AC4A9BEE52D511EE27 /* Pods-iOSMVVMDemoTests.release.xcconfig */ = {isa = PBXFileReference; includeInIndex = 1; lastKnownFileType = text.xcconfig; name = "Pods-iOSMVVMDemoTests.release.xcconfig"; path = "Pods/Target Support Files/Pods-iOSMVVMDemoTests/Pods-iOSMVVMDemoTests.release.xcconfig"; sourceTree = "<group>"; };
		8A25356394C8DEF973281ACA /* Pods_iOSMVVMDemoTests.framework */ = {isa = PBXFileReference; explicitFileType = wrapper.framework; includeInIndex = 0; path = Pods_iOSMVVMDemoTests.framework; sourceTree = BUILT_PRODUCTS_DIR; };
		96A9CC27D03258D30FFE6E4E /* Pods-iOSMVVMDemo.debug.xcconfig */ = {isa = PBXFileReference; includeInIndex = 1; lastKnownFileType = text.xcconfig; name = "Pods-iOSMVVMDemo.debug.xcconfig"; path = "Pods/Target Support Files/Pods-iOSMVVMDemo/Pods-iOSMVVMDemo.debug.xcconfig"; sourceTree = "<group>"; };
		A4347E0D161E222EDB4A3F85 /* Pods-iOSMVVMDemo.mock.xcconfig */ = {isa = PBXFileReference; includeInIndex = 1; lastKnownFileType = text.xcconfig; name = "Pods-iOSMVVMDemo.mock.xcconfig"; path = "Pods/Target Support Files/Pods-iOSMVVMDemo/Pods-iOSMVVMDemo.mock.xcconfig"; sourceTree = "<group>"; };
		AD0BCF67212865D20027C7B9 /* PhotoCell.swift */ = {isa = PBXFileReference; lastKnownFileType = sourcecode.swift; path = PhotoCell.swift; sourceTree = "<group>"; };
		AD0BCF692128662D0027C7B9 /* PhotosViewModel.swift */ = {isa = PBXFileReference; lastKnownFileType = sourcecode.swift; path = PhotosViewModel.swift; sourceTree = "<group>"; };
		AD0BCF6C212870C50027C7B9 /* APIService.swift */ = {isa = PBXFileReference; lastKnownFileType = sourcecode.swift; path = APIService.swift; sourceTree = "<group>"; };
		AD426DE821285EC800FDB4CD /* PhotosViewControllerMVVM.swift */ = {isa = PBXFileReference; lastKnownFileType = sourcecode.swift; path = PhotosViewControllerMVVM.swift; sourceTree = "<group>"; };
		AD426DEB21285FC200FDB4CD /* Photo.swift */ = {isa = PBXFileReference; lastKnownFileType = sourcecode.swift; path = Photo.swift; sourceTree = "<group>"; };
		AD426DED2128608A00FDB4CD /* DataManager.swift */ = {isa = PBXFileReference; lastKnownFileType = sourcecode.swift; path = DataManager.swift; sourceTree = "<group>"; };
		AD5A9838213BC4A300D150EE /* XCTestExtensions.swift */ = {isa = PBXFileReference; lastKnownFileType = sourcecode.swift; path = XCTestExtensions.swift; sourceTree = "<group>"; };
		AD5A983D213BC59B00D150EE /* Base */ = {isa = PBXFileReference; lastKnownFileType = file.storyboard; name = Base; path = Base.lproj/LaunchScreen.storyboard; sourceTree = "<group>"; };
		AD5A9844213BC70800D150EE /* AppModules.swift */ = {isa = PBXFileReference; lastKnownFileType = sourcecode.swift; path = AppModules.swift; sourceTree = "<group>"; };
		AD5A9846213BC79A00D150EE /* LocalAPIService.swift */ = {isa = PBXFileReference; lastKnownFileType = sourcecode.swift; path = LocalAPIService.swift; sourceTree = "<group>"; };
		AD5A9849213BC81000D150EE /* photos.json */ = {isa = PBXFileReference; lastKnownFileType = text.json; path = photos.json; sourceTree = "<group>"; };
		AD6E4BEA2128506D0073EE2E /* iOSMVVMDemo.app */ = {isa = PBXFileReference; explicitFileType = wrapper.application; includeInIndex = 0; path = iOSMVVMDemo.app; sourceTree = BUILT_PRODUCTS_DIR; };
		AD6E4BED2128506D0073EE2E /* AppDelegate.swift */ = {isa = PBXFileReference; lastKnownFileType = sourcecode.swift; path = AppDelegate.swift; sourceTree = "<group>"; };
		AD6E4BF42128506D0073EE2E /* Assets.xcassets */ = {isa = PBXFileReference; lastKnownFileType = folder.assetcatalog; path = Assets.xcassets; sourceTree = "<group>"; };
		AD6E4BF92128506D0073EE2E /* Info.plist */ = {isa = PBXFileReference; lastKnownFileType = text.plist.xml; path = Info.plist; sourceTree = "<group>"; };
		AD6E4BFE2128506E0073EE2E /* iOSMVVMDemoTests.xctest */ = {isa = PBXFileReference; explicitFileType = wrapper.cfbundle; includeInIndex = 0; path = iOSMVVMDemoTests.xctest; sourceTree = BUILT_PRODUCTS_DIR; };
		AD6E4C042128506E0073EE2E /* Info.plist */ = {isa = PBXFileReference; lastKnownFileType = text.plist.xml; path = Info.plist; sourceTree = "<group>"; };
		AD7239242129DCAB0090154A /* GeneratedMocks.swift */ = {isa = PBXFileReference; fileEncoding = 4; lastKnownFileType = sourcecode.swift; path = GeneratedMocks.swift; sourceTree = "<group>"; };
		AD7EA2EC2128D2890055E14F /* PhotosViewModelTest.swift */ = {isa = PBXFileReference; lastKnownFileType = sourcecode.swift; path = PhotosViewModelTest.swift; sourceTree = "<group>"; };
		ADA81E34219E1E500084CB07 /* Mapper.swift */ = {isa = PBXFileReference; lastKnownFileType = sourcecode.swift; path = Mapper.swift; sourceTree = "<group>"; };
		ADA81E36219E21730084CB07 /* PhotoDto.swift */ = {isa = PBXFileReference; lastKnownFileType = sourcecode.swift; path = PhotoDto.swift; sourceTree = "<group>"; };
		ADA81E3A219E30220084CB07 /* URLExtension.swift */ = {isa = PBXFileReference; lastKnownFileType = sourcecode.swift; path = URLExtension.swift; sourceTree = "<group>"; };
		ADA81E3C219E323F0084CB07 /* ApiError.swift */ = {isa = PBXFileReference; lastKnownFileType = sourcecode.swift; path = ApiError.swift; sourceTree = "<group>"; };
		ADCBFADF213C590500F1A991 /* readme.md */ = {isa = PBXFileReference; fileEncoding = 4; lastKnownFileType = net.daringfireball.markdown; path = readme.md; sourceTree = "<group>"; };
		ADCBFAE1213C5AE400F1A991 /* NetworkAPIServiceTest.swift */ = {isa = PBXFileReference; lastKnownFileType = sourcecode.swift; path = NetworkAPIServiceTest.swift; sourceTree = "<group>"; };
		ADDF5DF42196E6E500042551 /* PhotosViewControllerMVP.swift */ = {isa = PBXFileReference; lastKnownFileType = sourcecode.swift; path = PhotosViewControllerMVP.swift; sourceTree = "<group>"; };
		ADDF5DF62196E7DA00042551 /* PhotosPresenter.swift */ = {isa = PBXFileReference; lastKnownFileType = sourcecode.swift; path = PhotosPresenter.swift; sourceTree = "<group>"; };
		ADDF5DF92196E82B00042551 /* PhotosPresenterTest.swift */ = {isa = PBXFileReference; lastKnownFileType = sourcecode.swift; path = PhotosPresenterTest.swift; sourceTree = "<group>"; };
		ADEF9034213B1A7D00443D6E /* IDataManager.swift */ = {isa = PBXFileReference; lastKnownFileType = sourcecode.swift; path = IDataManager.swift; sourceTree = "<group>"; };
		ADEF9037213B1C2F00443D6E /* NetworkAPIService.swift */ = {isa = PBXFileReference; lastKnownFileType = sourcecode.swift; path = NetworkAPIService.swift; sourceTree = "<group>"; };
		BCE3B806FE0E51C361EB1A5F /* Pods-iOSMVVMDemo.staging.xcconfig */ = {isa = PBXFileReference; includeInIndex = 1; lastKnownFileType = text.xcconfig; name = "Pods-iOSMVVMDemo.staging.xcconfig"; path = "Pods/Target Support Files/Pods-iOSMVVMDemo/Pods-iOSMVVMDemo.staging.xcconfig"; sourceTree = "<group>"; };
		E609B8E2C95E71A86EB6C657 /* Pods_iOSMVVMDemo.framework */ = {isa = PBXFileReference; explicitFileType = wrapper.framework; includeInIndex = 0; path = Pods_iOSMVVMDemo.framework; sourceTree = BUILT_PRODUCTS_DIR; };
/* End PBXFileReference section */

/* Begin PBXFrameworksBuildPhase section */
		AD6E4BE72128506D0073EE2E /* Frameworks */ = {
			isa = PBXFrameworksBuildPhase;
			buildActionMask = 2147483647;
			files = (
				C5123FB26453E15679274D1F /* Pods_iOSMVVMDemo.framework in Frameworks */,
			);
			runOnlyForDeploymentPostprocessing = 0;
		};
		AD6E4BFB2128506E0073EE2E /* Frameworks */ = {
			isa = PBXFrameworksBuildPhase;
			buildActionMask = 2147483647;
			files = (
				DA2656EF4962A92C3F1053EC /* Pods_iOSMVVMDemoTests.framework in Frameworks */,
			);
			runOnlyForDeploymentPostprocessing = 0;
		};
/* End PBXFrameworksBuildPhase section */

/* Begin PBXGroup section */
		44BE90741BBF49AD60556567 /* Pods */ = {
			isa = PBXGroup;
			children = (
				96A9CC27D03258D30FFE6E4E /* Pods-iOSMVVMDemo.debug.xcconfig */,
				060EDFDA88F46AF5CAB617F4 /* Pods-iOSMVVMDemo.release.xcconfig */,
				75453BAA89132F67AD560140 /* Pods-iOSMVVMDemoTests.debug.xcconfig */,
				89F041AC4A9BEE52D511EE27 /* Pods-iOSMVVMDemoTests.release.xcconfig */,
				BCE3B806FE0E51C361EB1A5F /* Pods-iOSMVVMDemo.staging.xcconfig */,
				A4347E0D161E222EDB4A3F85 /* Pods-iOSMVVMDemo.mock.xcconfig */,
				41A6E479B63472F351939E6D /* Pods-iOSMVVMDemoTests.staging.xcconfig */,
				1EE28EEAD0DEA7EC2789468C /* Pods-iOSMVVMDemoTests.mock.xcconfig */,
			);
			name = Pods;
			sourceTree = "<group>";
		};
		AD0BCF6B212870B30027C7B9 /* api */ = {
			isa = PBXGroup;
			children = (
				AD0BCF6C212870C50027C7B9 /* APIService.swift */,
				ADEF9037213B1C2F00443D6E /* NetworkAPIService.swift */,
				AD5A9846213BC79A00D150EE /* LocalAPIService.swift */,
				ADA81E36219E21730084CB07 /* PhotoDto.swift */,
				ADA81E34219E1E500084CB07 /* Mapper.swift */,
				ADA81E3C219E323F0084CB07 /* ApiError.swift */,
			);
			path = api;
			sourceTree = "<group>";
		};
		AD1AB4204AE91203D1EC414D /* Frameworks */ = {
			isa = PBXGroup;
			children = (
				E609B8E2C95E71A86EB6C657 /* Pods_iOSMVVMDemo.framework */,
				8A25356394C8DEF973281ACA /* Pods_iOSMVVMDemoTests.framework */,
			);
			name = Frameworks;
			sourceTree = "<group>";
		};
		AD426DDE21285D6B00FDB4CD /* application */ = {
			isa = PBXGroup;
			children = (
				AD6E4BED2128506D0073EE2E /* AppDelegate.swift */,
				AD5A9844213BC70800D150EE /* AppModules.swift */,
			);
			path = application;
			sourceTree = "<group>";
		};
		AD426DE021285DA600FDB4CD /* data */ = {
			isa = PBXGroup;
			children = (
				AD426DEB21285FC200FDB4CD /* Photo.swift */,
				ADEF9034213B1A7D00443D6E /* IDataManager.swift */,
				AD426DED2128608A00FDB4CD /* DataManager.swift */,
				AD0BCF6B212870B30027C7B9 /* api */,
			);
			path = data;
			sourceTree = "<group>";
		};
		AD5A9837213BC47500D150EE /* misc */ = {
			isa = PBXGroup;
			children = (
				AD5A9838213BC4A300D150EE /* XCTestExtensions.swift */,
				ADA81E3A219E30220084CB07 /* URLExtension.swift */,
			);
			path = misc;
			sourceTree = "<group>";
		};
		AD5A9848213BC7E500D150EE /* resources */ = {
			isa = PBXGroup;
			children = (
				AD5A9849213BC81000D150EE /* photos.json */,
				AD6E4BF42128506D0073EE2E /* Assets.xcassets */,
			);
			path = resources;
			sourceTree = "<group>";
		};
		AD6E4BE12128506D0073EE2E = {
			isa = PBXGroup;
			children = (
				ADCBFADF213C590500F1A991 /* readme.md */,
				AD6E4BEC2128506D0073EE2E /* iOSMVVMDemo */,
				AD6E4C012128506E0073EE2E /* iOSMVVMDemoTests */,
				AD6E4BEB2128506D0073EE2E /* Products */,
				44BE90741BBF49AD60556567 /* Pods */,
				AD1AB4204AE91203D1EC414D /* Frameworks */,
			);
			sourceTree = "<group>";
		};
		AD6E4BEB2128506D0073EE2E /* Products */ = {
			isa = PBXGroup;
			children = (
				AD6E4BEA2128506D0073EE2E /* iOSMVVMDemo.app */,
				AD6E4BFE2128506E0073EE2E /* iOSMVVMDemoTests.xctest */,
			);
			name = Products;
			sourceTree = "<group>";
		};
		AD6E4BEC2128506D0073EE2E /* iOSMVVMDemo */ = {
			isa = PBXGroup;
			children = (
				AD426DDE21285D6B00FDB4CD /* application */,
				AD8777F72196DDD3003D4784 /* presentation-mvp */,
				AD8777F62196DDC6003D4784 /* presentation-mvvm */,
				AD426DE021285DA600FDB4CD /* data */,
				AD5A9848213BC7E500D150EE /* resources */,
				AD6E4BF92128506D0073EE2E /* Info.plist */,
				5E5214F8219ECF3A0008B0C0 /* Main.storyboard */,
				AD5A983C213BC59B00D150EE /* LaunchScreen.storyboard */,
			);
			path = iOSMVVMDemo;
			sourceTree = "<group>";
		};
		AD6E4C012128506E0073EE2E /* iOSMVVMDemoTests */ = {
			isa = PBXGroup;
			children = (
				ADDF5DF92196E82B00042551 /* PhotosPresenterTest.swift */,
				AD7EA2EC2128D2890055E14F /* PhotosViewModelTest.swift */,
				ADCBFAE1213C5AE400F1A991 /* NetworkAPIServiceTest.swift */,
				AD5A9837213BC47500D150EE /* misc */,
				AD7239242129DCAB0090154A /* GeneratedMocks.swift */,
				AD6E4C042128506E0073EE2E /* Info.plist */,
			);
			path = iOSMVVMDemoTests;
			sourceTree = "<group>";
		};
		AD8777F62196DDC6003D4784 /* presentation-mvvm */ = {
			isa = PBXGroup;
			children = (
				AD426DE821285EC800FDB4CD /* PhotosViewControllerMVVM.swift */,
				AD0BCF692128662D0027C7B9 /* PhotosViewModel.swift */,
			);
			path = "presentation-mvvm";
			sourceTree = "<group>";
		};
		AD8777F72196DDD3003D4784 /* presentation-mvp */ = {
			isa = PBXGroup;
			children = (
				ADDF5DF42196E6E500042551 /* PhotosViewControllerMVP.swift */,
				AD0BCF67212865D20027C7B9 /* PhotoCell.swift */,
				ADDF5DF62196E7DA00042551 /* PhotosPresenter.swift */,
			);
			path = "presentation-mvp";
			sourceTree = "<group>";
		};
/* End PBXGroup section */

/* Begin PBXNativeTarget section */
		AD6E4BE92128506D0073EE2E /* iOSMVVMDemo */ = {
			isa = PBXNativeTarget;
			buildConfigurationList = AD6E4C072128506E0073EE2E /* Build configuration list for PBXNativeTarget "iOSMVVMDemo" */;
			buildPhases = (
				377888662A3140C307B917D1 /* [CP] Check Pods Manifest.lock */,
				AD6E4BE62128506D0073EE2E /* Sources */,
				AD6E4BE72128506D0073EE2E /* Frameworks */,
				AD6E4BE82128506D0073EE2E /* Resources */,
				78FE507F311F08ECD0EC2FE2 /* [CP] Embed Pods Frameworks */,
			);
			buildRules = (
			);
			dependencies = (
			);
			name = iOSMVVMDemo;
			productName = iOSMVVMDemo;
			productReference = AD6E4BEA2128506D0073EE2E /* iOSMVVMDemo.app */;
			productType = "com.apple.product-type.application";
		};
		AD6E4BFD2128506E0073EE2E /* iOSMVVMDemoTests */ = {
			isa = PBXNativeTarget;
			buildConfigurationList = AD6E4C0A2128506E0073EE2E /* Build configuration list for PBXNativeTarget "iOSMVVMDemoTests" */;
			buildPhases = (
				3641DF0BD232FD0DC0F3B3B2 /* [CP] Check Pods Manifest.lock */,
				AD1AFBFB2129D54A00C2F51F /* Run Cuckoo */,
				AD6E4BFA2128506E0073EE2E /* Sources */,
				AD6E4BFB2128506E0073EE2E /* Frameworks */,
				AD6E4BFC2128506E0073EE2E /* Resources */,
				E0C7CDB67E0BFA9A37F288A1 /* [CP] Embed Pods Frameworks */,
			);
			buildRules = (
			);
			dependencies = (
				AD6E4C002128506E0073EE2E /* PBXTargetDependency */,
			);
			name = iOSMVVMDemoTests;
			productName = iOSMVVMDemoTests;
			productReference = AD6E4BFE2128506E0073EE2E /* iOSMVVMDemoTests.xctest */;
			productType = "com.apple.product-type.bundle.unit-test";
		};
/* End PBXNativeTarget section */

/* Begin PBXProject section */
		AD6E4BE22128506D0073EE2E /* Project object */ = {
			isa = PBXProject;
			attributes = {
				LastSwiftUpdateCheck = 0920;
				LastUpgradeCheck = 0940;
				ORGANIZATIONNAME = "Hugues Stéphano TELOLAHY";
				TargetAttributes = {
					AD6E4BE92128506D0073EE2E = {
						CreatedOnToolsVersion = 9.2;
						LastSwiftMigration = 1000;
						ProvisioningStyle = Manual;
					};
					AD6E4BFD2128506E0073EE2E = {
						CreatedOnToolsVersion = 9.2;
						LastSwiftMigration = 1000;
						ProvisioningStyle = Automatic;
						TestTargetID = AD6E4BE92128506D0073EE2E;
					};
				};
			};
			buildConfigurationList = AD6E4BE52128506D0073EE2E /* Build configuration list for PBXProject "iOSMVVMDemo" */;
			compatibilityVersion = "Xcode 8.0";
			developmentRegion = en;
			hasScannedForEncodings = 0;
			knownRegions = (
				en,
				Base,
			);
			mainGroup = AD6E4BE12128506D0073EE2E;
			productRefGroup = AD6E4BEB2128506D0073EE2E /* Products */;
			projectDirPath = "";
			projectRoot = "";
			targets = (
				AD6E4BE92128506D0073EE2E /* iOSMVVMDemo */,
				AD6E4BFD2128506E0073EE2E /* iOSMVVMDemoTests */,
			);
		};
/* End PBXProject section */

/* Begin PBXResourcesBuildPhase section */
		AD6E4BE82128506D0073EE2E /* Resources */ = {
			isa = PBXResourcesBuildPhase;
			buildActionMask = 2147483647;
			files = (
				AD5A984A213BC81000D150EE /* photos.json in Resources */,
				5E5214FA219ECF3A0008B0C0 /* Main.storyboard in Resources */,
				AD6E4BF52128506D0073EE2E /* Assets.xcassets in Resources */,
				ADCBFAE0213C590500F1A991 /* readme.md in Resources */,
				AD5A9840213BC59B00D150EE /* LaunchScreen.storyboard in Resources */,
			);
			runOnlyForDeploymentPostprocessing = 0;
		};
		AD6E4BFC2128506E0073EE2E /* Resources */ = {
			isa = PBXResourcesBuildPhase;
			buildActionMask = 2147483647;
			files = (
			);
			runOnlyForDeploymentPostprocessing = 0;
		};
/* End PBXResourcesBuildPhase section */

/* Begin PBXShellScriptBuildPhase section */
		3641DF0BD232FD0DC0F3B3B2 /* [CP] Check Pods Manifest.lock */ = {
			isa = PBXShellScriptBuildPhase;
			buildActionMask = 2147483647;
			files = (
			);
			inputPaths = (
				"${PODS_PODFILE_DIR_PATH}/Podfile.lock",
				"${PODS_ROOT}/Manifest.lock",
			);
			name = "[CP] Check Pods Manifest.lock";
			outputPaths = (
				"$(DERIVED_FILE_DIR)/Pods-iOSMVVMDemoTests-checkManifestLockResult.txt",
			);
			runOnlyForDeploymentPostprocessing = 0;
			shellPath = /bin/sh;
			shellScript = "diff \"${PODS_PODFILE_DIR_PATH}/Podfile.lock\" \"${PODS_ROOT}/Manifest.lock\" > /dev/null\nif [ $? != 0 ] ; then\n    # print error to STDERR\n    echo \"error: The sandbox is not in sync with the Podfile.lock. Run 'pod install' or update your CocoaPods installation.\" >&2\n    exit 1\nfi\n# This output is used by Xcode 'outputs' to avoid re-running this script phase.\necho \"SUCCESS\" > \"${SCRIPT_OUTPUT_FILE_0}\"\n";
			showEnvVarsInLog = 0;
		};
		377888662A3140C307B917D1 /* [CP] Check Pods Manifest.lock */ = {
			isa = PBXShellScriptBuildPhase;
			buildActionMask = 2147483647;
			files = (
			);
			inputPaths = (
				"${PODS_PODFILE_DIR_PATH}/Podfile.lock",
				"${PODS_ROOT}/Manifest.lock",
			);
			name = "[CP] Check Pods Manifest.lock";
			outputPaths = (
				"$(DERIVED_FILE_DIR)/Pods-iOSMVVMDemo-checkManifestLockResult.txt",
			);
			runOnlyForDeploymentPostprocessing = 0;
			shellPath = /bin/sh;
			shellScript = "diff \"${PODS_PODFILE_DIR_PATH}/Podfile.lock\" \"${PODS_ROOT}/Manifest.lock\" > /dev/null\nif [ $? != 0 ] ; then\n    # print error to STDERR\n    echo \"error: The sandbox is not in sync with the Podfile.lock. Run 'pod install' or update your CocoaPods installation.\" >&2\n    exit 1\nfi\n# This output is used by Xcode 'outputs' to avoid re-running this script phase.\necho \"SUCCESS\" > \"${SCRIPT_OUTPUT_FILE_0}\"\n";
			showEnvVarsInLog = 0;
		};
		78FE507F311F08ECD0EC2FE2 /* [CP] Embed Pods Frameworks */ = {
			isa = PBXShellScriptBuildPhase;
			buildActionMask = 2147483647;
			files = (
			);
			inputPaths = (
				"${SRCROOT}/Pods/Target Support Files/Pods-iOSMVVMDemo/Pods-iOSMVVMDemo-frameworks.sh",
				"${BUILT_PRODUCTS_DIR}/Alamofire/Alamofire.framework",
				"${BUILT_PRODUCTS_DIR}/Kingfisher/Kingfisher.framework",
				"${BUILT_PRODUCTS_DIR}/RxCocoa/RxCocoa.framework",
				"${BUILT_PRODUCTS_DIR}/RxSwift/RxSwift.framework",
			);
			name = "[CP] Embed Pods Frameworks";
			outputPaths = (
				"${TARGET_BUILD_DIR}/${FRAMEWORKS_FOLDER_PATH}/Alamofire.framework",
				"${TARGET_BUILD_DIR}/${FRAMEWORKS_FOLDER_PATH}/Kingfisher.framework",
				"${TARGET_BUILD_DIR}/${FRAMEWORKS_FOLDER_PATH}/RxCocoa.framework",
				"${TARGET_BUILD_DIR}/${FRAMEWORKS_FOLDER_PATH}/RxSwift.framework",
			);
			runOnlyForDeploymentPostprocessing = 0;
			shellPath = /bin/sh;
			shellScript = "\"${SRCROOT}/Pods/Target Support Files/Pods-iOSMVVMDemo/Pods-iOSMVVMDemo-frameworks.sh\"\n";
			showEnvVarsInLog = 0;
		};
		AD1AFBFB2129D54A00C2F51F /* Run Cuckoo */ = {
			isa = PBXShellScriptBuildPhase;
			buildActionMask = 2147483647;
			files = (
			);
			inputPaths = (
			);
			name = "Run Cuckoo";
			outputPaths = (
			);
			runOnlyForDeploymentPostprocessing = 0;
			shellPath = /bin/sh;
			shellScript = "# Define output file; change \"${PROJECT_NAME}Tests\" to your test's root source folder, if it's not the default name\nOUTPUT_FILE=\"./${PROJECT_NAME}Tests/GeneratedMocks.swift\"\necho \"Generated Mocks File = ${OUTPUT_FILE}\"\n\n# Define input directory; change \"${PROJECT_NAME}\" to your project's root source folder, if it's not the default name\nINPUT_DIR=\"./${PROJECT_NAME}\"\necho \"Mocks Input Directory = ${INPUT_DIR}\"\n\n# Generate mock files, include as many input files as you'd like to create mocks for.\n\"${PODS_ROOT}/Cuckoo/run\" generate --testable \"$PROJECT_NAME\" \\\n--output \"${OUTPUT_FILE}\" \\\n\"${INPUT_DIR}/data/IDataManager.swift\" \\\n\"${INPUT_DIR}/data/api/APIService.swift\" \\\n\"${INPUT_DIR}/presentation-mvp/PhotosPresenter.swift\"\n";
		};
		E0C7CDB67E0BFA9A37F288A1 /* [CP] Embed Pods Frameworks */ = {
			isa = PBXShellScriptBuildPhase;
			buildActionMask = 2147483647;
			files = (
			);
			inputPaths = (
				"${SRCROOT}/Pods/Target Support Files/Pods-iOSMVVMDemoTests/Pods-iOSMVVMDemoTests-frameworks.sh",
				"${BUILT_PRODUCTS_DIR}/RxSwift/RxSwift.framework",
				"${BUILT_PRODUCTS_DIR}/Cuckoo/Cuckoo.framework",
				"${BUILT_PRODUCTS_DIR}/Mockingjay/Mockingjay.framework",
				"${BUILT_PRODUCTS_DIR}/RxBlocking/RxBlocking.framework",
				"${BUILT_PRODUCTS_DIR}/RxTest/RxTest.framework",
				"${BUILT_PRODUCTS_DIR}/URITemplate/URITemplate.framework",
			);
			name = "[CP] Embed Pods Frameworks";
			outputPaths = (
				"${TARGET_BUILD_DIR}/${FRAMEWORKS_FOLDER_PATH}/RxSwift.framework",
				"${TARGET_BUILD_DIR}/${FRAMEWORKS_FOLDER_PATH}/Cuckoo.framework",
				"${TARGET_BUILD_DIR}/${FRAMEWORKS_FOLDER_PATH}/Mockingjay.framework",
				"${TARGET_BUILD_DIR}/${FRAMEWORKS_FOLDER_PATH}/RxBlocking.framework",
				"${TARGET_BUILD_DIR}/${FRAMEWORKS_FOLDER_PATH}/RxTest.framework",
				"${TARGET_BUILD_DIR}/${FRAMEWORKS_FOLDER_PATH}/URITemplate.framework",
			);
			runOnlyForDeploymentPostprocessing = 0;
			shellPath = /bin/sh;
			shellScript = "\"${SRCROOT}/Pods/Target Support Files/Pods-iOSMVVMDemoTests/Pods-iOSMVVMDemoTests-frameworks.sh\"\n";
			showEnvVarsInLog = 0;
		};
/* End PBXShellScriptBuildPhase section */

/* Begin PBXSourcesBuildPhase section */
		AD6E4BE62128506D0073EE2E /* Sources */ = {
			isa = PBXSourcesBuildPhase;
			buildActionMask = 2147483647;
			files = (
				AD426DEC21285FC200FDB4CD /* Photo.swift in Sources */,
				AD0BCF6D212870C50027C7B9 /* APIService.swift in Sources */,
				ADDF5DF52196E6E500042551 /* PhotosViewControllerMVP.swift in Sources */,
				AD0BCF6A2128662D0027C7B9 /* PhotosViewModel.swift in Sources */,
				ADA81E35219E1E500084CB07 /* Mapper.swift in Sources */,
				AD0BCF68212865D20027C7B9 /* PhotoCell.swift in Sources */,
				ADDF5DF72196E7DA00042551 /* PhotosPresenter.swift in Sources */,
				ADEF9035213B1A7D00443D6E /* IDataManager.swift in Sources */,
				AD426DEE2128608A00FDB4CD /* DataManager.swift in Sources */,
				AD5A9847213BC79A00D150EE /* LocalAPIService.swift in Sources */,
				ADA81E37219E21730084CB07 /* PhotoDto.swift in Sources */,
				AD6E4BEE2128506D0073EE2E /* AppDelegate.swift in Sources */,
				AD5A9845213BC70800D150EE /* AppModules.swift in Sources */,
				ADA81E3D219E323F0084CB07 /* ApiError.swift in Sources */,
				ADEF9038213B1C3000443D6E /* NetworkAPIService.swift in Sources */,
				AD426DE921285EC800FDB4CD /* PhotosViewControllerMVVM.swift in Sources */,
			);
			runOnlyForDeploymentPostprocessing = 0;
		};
		AD6E4BFA2128506E0073EE2E /* Sources */ = {
			isa = PBXSourcesBuildPhase;
			buildActionMask = 2147483647;
			files = (
				ADEF9036213B1B7300443D6E /* IDataManager.swift in Sources */,
				ADA81E3B219E30220084CB07 /* URLExtension.swift in Sources */,
				AD7EA2ED2128D2890055E14F /* PhotosViewModelTest.swift in Sources */,
				ADCBFAE3213C5B2300F1A991 /* NetworkAPIService.swift in Sources */,
				ADDF5DF82196E7DC00042551 /* PhotosPresenter.swift in Sources */,
				AD7239252129DCAC0090154A /* GeneratedMocks.swift in Sources */,
				ADDF5DFA2196E82B00042551 /* PhotosPresenterTest.swift in Sources */,
				ADA81E38219E28AE0084CB07 /* Mapper.swift in Sources */,
				ADA81E3E219E32970084CB07 /* ApiError.swift in Sources */,
				AD7EA2EE2128D29F0055E14F /* PhotosViewModel.swift in Sources */,
				AD5A9839213BC4A300D150EE /* XCTestExtensions.swift in Sources */,
				ADE1253B213B49ED004521FA /* APIService.swift in Sources */,
				AD7EA2F12128D3310055E14F /* Photo.swift in Sources */,
				ADA81E39219E292F0084CB07 /* PhotoDto.swift in Sources */,
				ADCBFAE2213C5AE400F1A991 /* NetworkAPIServiceTest.swift in Sources */,
			);
			runOnlyForDeploymentPostprocessing = 0;
		};
/* End PBXSourcesBuildPhase section */

/* Begin PBXTargetDependency section */
		AD6E4C002128506E0073EE2E /* PBXTargetDependency */ = {
			isa = PBXTargetDependency;
			target = AD6E4BE92128506D0073EE2E /* iOSMVVMDemo */;
			targetProxy = AD6E4BFF2128506E0073EE2E /* PBXContainerItemProxy */;
		};
/* End PBXTargetDependency section */

/* Begin PBXVariantGroup section */
		5E5214F8219ECF3A0008B0C0 /* Main.storyboard */ = {
			isa = PBXVariantGroup;
			children = (
				5E5214F9219ECF3A0008B0C0 /* Base */,
			);
			name = Main.storyboard;
			sourceTree = "<group>";
		};
		AD5A983C213BC59B00D150EE /* LaunchScreen.storyboard */ = {
			isa = PBXVariantGroup;
			children = (
				AD5A983D213BC59B00D150EE /* Base */,
			);
			name = LaunchScreen.storyboard;
			sourceTree = "<group>";
		};
/* End PBXVariantGroup section */

/* Begin XCBuildConfiguration section */
		AD6E4C052128506E0073EE2E /* Staging */ = {
			isa = XCBuildConfiguration;
			buildSettings = {
				ALWAYS_SEARCH_USER_PATHS = NO;
				CLANG_ANALYZER_NONNULL = YES;
				CLANG_ANALYZER_NUMBER_OBJECT_CONVERSION = YES_AGGRESSIVE;
				CLANG_CXX_LANGUAGE_STANDARD = "gnu++14";
				CLANG_CXX_LIBRARY = "libc++";
				CLANG_ENABLE_MODULES = YES;
				CLANG_ENABLE_OBJC_ARC = YES;
				CLANG_WARN_BLOCK_CAPTURE_AUTORELEASING = YES;
				CLANG_WARN_BOOL_CONVERSION = YES;
				CLANG_WARN_COMMA = YES;
				CLANG_WARN_CONSTANT_CONVERSION = YES;
				CLANG_WARN_DEPRECATED_OBJC_IMPLEMENTATIONS = YES;
				CLANG_WARN_DIRECT_OBJC_ISA_USAGE = YES_ERROR;
				CLANG_WARN_DOCUMENTATION_COMMENTS = YES;
				CLANG_WARN_EMPTY_BODY = YES;
				CLANG_WARN_ENUM_CONVERSION = YES;
				CLANG_WARN_INFINITE_RECURSION = YES;
				CLANG_WARN_INT_CONVERSION = YES;
				CLANG_WARN_NON_LITERAL_NULL_CONVERSION = YES;
				CLANG_WARN_OBJC_IMPLICIT_RETAIN_SELF = YES;
				CLANG_WARN_OBJC_LITERAL_CONVERSION = YES;
				CLANG_WARN_OBJC_ROOT_CLASS = YES_ERROR;
				CLANG_WARN_RANGE_LOOP_ANALYSIS = YES;
				CLANG_WARN_STRICT_PROTOTYPES = YES;
				CLANG_WARN_SUSPICIOUS_MOVE = YES;
				CLANG_WARN_UNGUARDED_AVAILABILITY = YES_AGGRESSIVE;
				CLANG_WARN_UNREACHABLE_CODE = YES;
				CLANG_WARN__DUPLICATE_METHOD_MATCH = YES;
				CODE_SIGN_IDENTITY = "iPhone Developer";
				COPY_PHASE_STRIP = NO;
				DEBUG_INFORMATION_FORMAT = dwarf;
				ENABLE_STRICT_OBJC_MSGSEND = YES;
				ENABLE_TESTABILITY = YES;
				GCC_C_LANGUAGE_STANDARD = gnu11;
				GCC_DYNAMIC_NO_PIC = NO;
				GCC_NO_COMMON_BLOCKS = YES;
				GCC_OPTIMIZATION_LEVEL = 0;
				GCC_PREPROCESSOR_DEFINITIONS = (
					"DEBUG=1",
					"$(inherited)",
				);
				GCC_WARN_64_TO_32_BIT_CONVERSION = YES;
				GCC_WARN_ABOUT_RETURN_TYPE = YES_ERROR;
				GCC_WARN_UNDECLARED_SELECTOR = YES;
				GCC_WARN_UNINITIALIZED_AUTOS = YES_AGGRESSIVE;
				GCC_WARN_UNUSED_FUNCTION = YES;
				GCC_WARN_UNUSED_VARIABLE = YES;
				IPHONEOS_DEPLOYMENT_TARGET = 9.3;
				MTL_ENABLE_DEBUG_INFO = YES;
				ONLY_ACTIVE_ARCH = YES;
				SDKROOT = iphoneos;
				SWIFT_ACTIVE_COMPILATION_CONDITIONS = DEBUG;
				SWIFT_OPTIMIZATION_LEVEL = "-Onone";
			};
			name = Staging;
		};
		AD6E4C062128506E0073EE2E /* Release */ = {
			isa = XCBuildConfiguration;
			buildSettings = {
				ALWAYS_SEARCH_USER_PATHS = NO;
				CLANG_ANALYZER_NONNULL = YES;
				CLANG_ANALYZER_NUMBER_OBJECT_CONVERSION = YES_AGGRESSIVE;
				CLANG_CXX_LANGUAGE_STANDARD = "gnu++14";
				CLANG_CXX_LIBRARY = "libc++";
				CLANG_ENABLE_MODULES = YES;
				CLANG_ENABLE_OBJC_ARC = YES;
				CLANG_WARN_BLOCK_CAPTURE_AUTORELEASING = YES;
				CLANG_WARN_BOOL_CONVERSION = YES;
				CLANG_WARN_COMMA = YES;
				CLANG_WARN_CONSTANT_CONVERSION = YES;
				CLANG_WARN_DEPRECATED_OBJC_IMPLEMENTATIONS = YES;
				CLANG_WARN_DIRECT_OBJC_ISA_USAGE = YES_ERROR;
				CLANG_WARN_DOCUMENTATION_COMMENTS = YES;
				CLANG_WARN_EMPTY_BODY = YES;
				CLANG_WARN_ENUM_CONVERSION = YES;
				CLANG_WARN_INFINITE_RECURSION = YES;
				CLANG_WARN_INT_CONVERSION = YES;
				CLANG_WARN_NON_LITERAL_NULL_CONVERSION = YES;
				CLANG_WARN_OBJC_IMPLICIT_RETAIN_SELF = YES;
				CLANG_WARN_OBJC_LITERAL_CONVERSION = YES;
				CLANG_WARN_OBJC_ROOT_CLASS = YES_ERROR;
				CLANG_WARN_RANGE_LOOP_ANALYSIS = YES;
				CLANG_WARN_STRICT_PROTOTYPES = YES;
				CLANG_WARN_SUSPICIOUS_MOVE = YES;
				CLANG_WARN_UNGUARDED_AVAILABILITY = YES_AGGRESSIVE;
				CLANG_WARN_UNREACHABLE_CODE = YES;
				CLANG_WARN__DUPLICATE_METHOD_MATCH = YES;
				CODE_SIGN_IDENTITY = "iPhone Developer";
				COPY_PHASE_STRIP = NO;
				DEBUG_INFORMATION_FORMAT = "dwarf-with-dsym";
				ENABLE_NS_ASSERTIONS = NO;
				ENABLE_STRICT_OBJC_MSGSEND = YES;
				GCC_C_LANGUAGE_STANDARD = gnu11;
				GCC_NO_COMMON_BLOCKS = YES;
				GCC_WARN_64_TO_32_BIT_CONVERSION = YES;
				GCC_WARN_ABOUT_RETURN_TYPE = YES_ERROR;
				GCC_WARN_UNDECLARED_SELECTOR = YES;
				GCC_WARN_UNINITIALIZED_AUTOS = YES_AGGRESSIVE;
				GCC_WARN_UNUSED_FUNCTION = YES;
				GCC_WARN_UNUSED_VARIABLE = YES;
				IPHONEOS_DEPLOYMENT_TARGET = 9.3;
				MTL_ENABLE_DEBUG_INFO = NO;
				SDKROOT = iphoneos;
				SWIFT_OPTIMIZATION_LEVEL = "-Owholemodule";
				VALIDATE_PRODUCT = YES;
			};
			name = Release;
		};
		AD6E4C082128506E0073EE2E /* Staging */ = {
			isa = XCBuildConfiguration;
			baseConfigurationReference = BCE3B806FE0E51C361EB1A5F /* Pods-iOSMVVMDemo.staging.xcconfig */;
			buildSettings = {
				ASSETCATALOG_COMPILER_APPICON_NAME = AppIcon;
				CLANG_ENABLE_MODULES = YES;
				CODE_SIGN_STYLE = Manual;
				DEVELOPMENT_TEAM = "";
				INFOPLIST_FILE = iOSMVVMDemo/Info.plist;
				LD_RUNPATH_SEARCH_PATHS = "$(inherited) @executable_path/Frameworks";
				PRODUCT_BUNDLE_IDENTIFIER = com.creativegames.iOSMVVMDemo;
				PRODUCT_NAME = "$(TARGET_NAME)";
				PROVISIONING_PROFILE_SPECIFIER = "";
				SWIFT_OPTIMIZATION_LEVEL = "-Onone";
				SWIFT_VERSION = 4.2;
				TARGETED_DEVICE_FAMILY = "1,2";
				USE_LOCAL_DATASOURCE = NO;
			};
			name = Staging;
		};
		AD6E4C092128506E0073EE2E /* Release */ = {
			isa = XCBuildConfiguration;
			baseConfigurationReference = 060EDFDA88F46AF5CAB617F4 /* Pods-iOSMVVMDemo.release.xcconfig */;
			buildSettings = {
				ASSETCATALOG_COMPILER_APPICON_NAME = AppIcon;
				CLANG_ENABLE_MODULES = YES;
				CODE_SIGN_STYLE = Manual;
				DEVELOPMENT_TEAM = "";
				INFOPLIST_FILE = iOSMVVMDemo/Info.plist;
				LD_RUNPATH_SEARCH_PATHS = "$(inherited) @executable_path/Frameworks";
				PRODUCT_BUNDLE_IDENTIFIER = com.creativegames.iOSMVVMDemo;
				PRODUCT_NAME = "$(TARGET_NAME)";
				PROVISIONING_PROFILE_SPECIFIER = "";
				SWIFT_VERSION = 4.2;
				TARGETED_DEVICE_FAMILY = "1,2";
				USE_LOCAL_DATASOURCE = NO;
			};
			name = Release;
		};
		AD6E4C0B2128506E0073EE2E /* Staging */ = {
			isa = XCBuildConfiguration;
			baseConfigurationReference = 41A6E479B63472F351939E6D /* Pods-iOSMVVMDemoTests.staging.xcconfig */;
			buildSettings = {
				ALWAYS_EMBED_SWIFT_STANDARD_LIBRARIES = YES;
				CODE_SIGN_STYLE = Automatic;
				INFOPLIST_FILE = iOSMVVMDemoTests/Info.plist;
				LD_RUNPATH_SEARCH_PATHS = "$(inherited) @executable_path/Frameworks @loader_path/Frameworks";
				PRODUCT_BUNDLE_IDENTIFIER = com.creativegames.iOSMVVMDemoTests;
				PRODUCT_NAME = "$(TARGET_NAME)";
				SWIFT_VERSION = 4.2;
				TARGETED_DEVICE_FAMILY = "1,2";
				TEST_HOST = "$(BUILT_PRODUCTS_DIR)/iOSMVVMDemo.app/iOSMVVMDemo";
			};
			name = Staging;
		};
		AD6E4C0C2128506E0073EE2E /* Release */ = {
			isa = XCBuildConfiguration;
			baseConfigurationReference = 89F041AC4A9BEE52D511EE27 /* Pods-iOSMVVMDemoTests.release.xcconfig */;
			buildSettings = {
				ALWAYS_EMBED_SWIFT_STANDARD_LIBRARIES = YES;
				CODE_SIGN_STYLE = Automatic;
				INFOPLIST_FILE = iOSMVVMDemoTests/Info.plist;
				LD_RUNPATH_SEARCH_PATHS = "$(inherited) @executable_path/Frameworks @loader_path/Frameworks";
				PRODUCT_BUNDLE_IDENTIFIER = com.creativegames.iOSMVVMDemoTests;
				PRODUCT_NAME = "$(TARGET_NAME)";
				SWIFT_VERSION = 4.2;
				TARGETED_DEVICE_FAMILY = "1,2";
				TEST_HOST = "$(BUILT_PRODUCTS_DIR)/iOSMVVMDemo.app/iOSMVVMDemo";
			};
			name = Release;
		};
		ADCBFADC213C3DFB00F1A991 /* Mock */ = {
			isa = XCBuildConfiguration;
			buildSettings = {
				ALWAYS_SEARCH_USER_PATHS = NO;
				CLANG_ANALYZER_NONNULL = YES;
				CLANG_ANALYZER_NUMBER_OBJECT_CONVERSION = YES_AGGRESSIVE;
				CLANG_CXX_LANGUAGE_STANDARD = "gnu++14";
				CLANG_CXX_LIBRARY = "libc++";
				CLANG_ENABLE_MODULES = YES;
				CLANG_ENABLE_OBJC_ARC = YES;
				CLANG_WARN_BLOCK_CAPTURE_AUTORELEASING = YES;
				CLANG_WARN_BOOL_CONVERSION = YES;
				CLANG_WARN_COMMA = YES;
				CLANG_WARN_CONSTANT_CONVERSION = YES;
				CLANG_WARN_DEPRECATED_OBJC_IMPLEMENTATIONS = YES;
				CLANG_WARN_DIRECT_OBJC_ISA_USAGE = YES_ERROR;
				CLANG_WARN_DOCUMENTATION_COMMENTS = YES;
				CLANG_WARN_EMPTY_BODY = YES;
				CLANG_WARN_ENUM_CONVERSION = YES;
				CLANG_WARN_INFINITE_RECURSION = YES;
				CLANG_WARN_INT_CONVERSION = YES;
				CLANG_WARN_NON_LITERAL_NULL_CONVERSION = YES;
				CLANG_WARN_OBJC_IMPLICIT_RETAIN_SELF = YES;
				CLANG_WARN_OBJC_LITERAL_CONVERSION = YES;
				CLANG_WARN_OBJC_ROOT_CLASS = YES_ERROR;
				CLANG_WARN_RANGE_LOOP_ANALYSIS = YES;
				CLANG_WARN_STRICT_PROTOTYPES = YES;
				CLANG_WARN_SUSPICIOUS_MOVE = YES;
				CLANG_WARN_UNGUARDED_AVAILABILITY = YES_AGGRESSIVE;
				CLANG_WARN_UNREACHABLE_CODE = YES;
				CLANG_WARN__DUPLICATE_METHOD_MATCH = YES;
				CODE_SIGN_IDENTITY = "iPhone Developer";
				COPY_PHASE_STRIP = NO;
				DEBUG_INFORMATION_FORMAT = dwarf;
				ENABLE_STRICT_OBJC_MSGSEND = YES;
				ENABLE_TESTABILITY = YES;
				GCC_C_LANGUAGE_STANDARD = gnu11;
				GCC_DYNAMIC_NO_PIC = NO;
				GCC_NO_COMMON_BLOCKS = YES;
				GCC_OPTIMIZATION_LEVEL = 0;
				GCC_PREPROCESSOR_DEFINITIONS = (
					"DEBUG=1",
					"$(inherited)",
				);
				GCC_WARN_64_TO_32_BIT_CONVERSION = YES;
				GCC_WARN_ABOUT_RETURN_TYPE = YES_ERROR;
				GCC_WARN_UNDECLARED_SELECTOR = YES;
				GCC_WARN_UNINITIALIZED_AUTOS = YES_AGGRESSIVE;
				GCC_WARN_UNUSED_FUNCTION = YES;
				GCC_WARN_UNUSED_VARIABLE = YES;
				IPHONEOS_DEPLOYMENT_TARGET = 9.3;
				MTL_ENABLE_DEBUG_INFO = YES;
				ONLY_ACTIVE_ARCH = YES;
				SDKROOT = iphoneos;
				SWIFT_ACTIVE_COMPILATION_CONDITIONS = DEBUG;
				SWIFT_OPTIMIZATION_LEVEL = "-Onone";
			};
			name = Mock;
		};
		ADCBFADD213C3DFB00F1A991 /* Mock */ = {
			isa = XCBuildConfiguration;
			baseConfigurationReference = A4347E0D161E222EDB4A3F85 /* Pods-iOSMVVMDemo.mock.xcconfig */;
			buildSettings = {
				ASSETCATALOG_COMPILER_APPICON_NAME = AppIcon;
				CLANG_ENABLE_MODULES = YES;
				CODE_SIGN_STYLE = Manual;
				DEVELOPMENT_TEAM = "";
				INFOPLIST_FILE = iOSMVVMDemo/Info.plist;
				LD_RUNPATH_SEARCH_PATHS = "$(inherited) @executable_path/Frameworks";
				PRODUCT_BUNDLE_IDENTIFIER = com.creativegames.iOSMVVMDemo;
				PRODUCT_NAME = "$(TARGET_NAME)";
				PROVISIONING_PROFILE_SPECIFIER = "";
				SWIFT_OPTIMIZATION_LEVEL = "-Onone";
				SWIFT_VERSION = 4.2;
				TARGETED_DEVICE_FAMILY = "1,2";
				USE_LOCAL_DATASOURCE = YES;
			};
			name = Mock;
		};
		ADCBFADE213C3DFB00F1A991 /* Mock */ = {
			isa = XCBuildConfiguration;
			baseConfigurationReference = 1EE28EEAD0DEA7EC2789468C /* Pods-iOSMVVMDemoTests.mock.xcconfig */;
			buildSettings = {
				ALWAYS_EMBED_SWIFT_STANDARD_LIBRARIES = YES;
				CODE_SIGN_STYLE = Automatic;
				INFOPLIST_FILE = iOSMVVMDemoTests/Info.plist;
				LD_RUNPATH_SEARCH_PATHS = "$(inherited) @executable_path/Frameworks @loader_path/Frameworks";
				PRODUCT_BUNDLE_IDENTIFIER = com.creativegames.iOSMVVMDemoTests;
				PRODUCT_NAME = "$(TARGET_NAME)";
				SWIFT_VERSION = 4.2;
				TARGETED_DEVICE_FAMILY = "1,2";
				TEST_HOST = "$(BUILT_PRODUCTS_DIR)/iOSMVVMDemo.app/iOSMVVMDemo";
			};
			name = Mock;
		};
/* End XCBuildConfiguration section */

/* Begin XCConfigurationList section */
		AD6E4BE52128506D0073EE2E /* Build configuration list for PBXProject "iOSMVVMDemo" */ = {
			isa = XCConfigurationList;
			buildConfigurations = (
				AD6E4C052128506E0073EE2E /* Staging */,
				ADCBFADC213C3DFB00F1A991 /* Mock */,
				AD6E4C062128506E0073EE2E /* Release */,
			);
			defaultConfigurationIsVisible = 0;
			defaultConfigurationName = Release;
		};
		AD6E4C072128506E0073EE2E /* Build configuration list for PBXNativeTarget "iOSMVVMDemo" */ = {
			isa = XCConfigurationList;
			buildConfigurations = (
				AD6E4C082128506E0073EE2E /* Staging */,
				ADCBFADD213C3DFB00F1A991 /* Mock */,
				AD6E4C092128506E0073EE2E /* Release */,
			);
			defaultConfigurationIsVisible = 0;
			defaultConfigurationName = Release;
		};
		AD6E4C0A2128506E0073EE2E /* Build configuration list for PBXNativeTarget "iOSMVVMDemoTests" */ = {
			isa = XCConfigurationList;
			buildConfigurations = (
				AD6E4C0B2128506E0073EE2E /* Staging */,
				ADCBFADE213C3DFB00F1A991 /* Mock */,
				AD6E4C0C2128506E0073EE2E /* Release */,
			);
			defaultConfigurationIsVisible = 0;
			defaultConfigurationName = Release;
		};
/* End XCConfigurationList section */
	};
	rootObject = AD6E4BE22128506D0073EE2E /* Project object */;
}
