PODS:
  - Alamofire (4.7.3)
  - Cuckoo (0.11.3)
  - Kingfisher (4.8.1)
  - Mockingjay (2.0.1):
    - Mockingjay/Core (= 2.0.1)
    - Mockingjay/XCTest (= 2.0.1)
  - Mockingjay/Core (2.0.1):
    - URITemplate (~> 2.0)
  - Mockingjay/XCTest (2.0.1):
    - Mockingjay/Core
  - RxBlocking (4.2.0):
    - RxSwift (~> 4.0)
  - RxCocoa (4.2.0):
    - RxSwift (~> 4.0)
  - RxSwift (4.2.0)
  - RxTest (4.2.0):
    - RxSwift (~> 4.0)
  - URITemplate (2.0.3)

DEPENDENCIES:
  - Alamofire
  - Cuckoo
  - Kingfisher
  - Mockingjay
  - RxBlocking
  - RxCocoa
  - RxSwift
  - RxTest

SPEC REPOS:
  https://github.com/cocoapods/specs.git:
    - Alamofire
    - Cuckoo
    - Kingfisher
    - Mockingjay
    - RxBlocking
    - RxCocoa
    - RxSwift
    - RxTest
    - URITemplate

SPEC CHECKSUMS:
  Alamofire: c7287b6e5d7da964a70935e5db17046b7fde6568
  Cuckoo: 97522dd7ac6f18adba6022bdc74aa69e82ca691a
  Kingfisher: 868c1149679a7ab6869be118faa9b5aed154aaf0
  Mockingjay: 11a621880d2887f1775bdcf824341eb68f218450
  RxBlocking: e339d8a6e752e25ade95ff858466c55436668f59
  RxCocoa: 0b54909c902e1e581212a03e690bbd94032d8baa
  RxSwift: 99e10317ddfcc7fbe01356aafd118fde4a0be104
  RxTest: 8da864c0ee47534f586ff18fb0c7e5b2f1fe5023
  URITemplate: ace0c4c46dcf8afe6e89b4060621852886b15c3b

PODFILE CHECKSUM: 105fe22c180707d467b835c2ccde7cfe98be4022

COCOAPODS: 1.5.3
