PODS:
  - Alamofire (4.8.2)
  - Crashlytics (3.13.4):
    - Fabric (~> 1.10.2)
  - Cuckoo (1.0.6)
  - Fabric (1.10.2)
  - Kingfisher (4.10.1)
  - Mockingjay (2.0.1):
    - Mockingjay/Core (= 2.0.1)
    - Mockingjay/XCTest (= 2.0.1)
  - Mockingjay/Core (2.0.1):
    - URITemplate (~> 2.0)
  - Mockingjay/XCTest (2.0.1):
    - Mockingjay/Core
  - RxBlocking (5.0.0):
    - RxSwift (~> 5)
  - RxCocoa (5.0.0):
    - RxRelay (~> 5)
    - RxSwift (~> 5)
  - RxRelay (5.0.0):
    - RxSwift (~> 5)
  - RxSwift (5.0.0)
  - RxTest (5.0.0):
    - RxSwift (~> 5)
  - URITemplate (2.0.3)

DEPENDENCIES:
  - Alamofire
  - Crashlytics
  - Cuckoo
  - Fabric
  - Kingfisher
  - Mockingjay
  - RxBlocking
  - RxCocoa
  - RxSwift
  - RxTest

SPEC REPOS:
  https://github.com/cocoapods/specs.git:
    - Alamofire
    - Crashlytics
    - Cuckoo
    - Fabric
    - Kingfisher
    - Mockingjay
    - RxBlocking
    - RxCocoa
    - RxRelay
    - RxSwift
    - RxTest
    - URITemplate

SPEC CHECKSUMS:
  Alamofire: ae5c501addb7afdbb13687d7f2f722c78734c2d3
  Crashlytics: 2dfd686bcb918dc10ee0e76f7f853fe42c7bd552
  Cuckoo: 8074fc309159c4862665b83798f5ad03e061e8bd
  Fabric: 706c8b8098fff96c33c0db69cbf81f9c551d0d74
  Kingfisher: c148cd7b47ebde9989f6bc7c27dcaa79d81279a0
  Mockingjay: 11a621880d2887f1775bdcf824341eb68f218450
  RxBlocking: c67185d26498ea3cbe3e121917c3c16739e43123
  RxCocoa: fcf32050ac00d801f34a7f71d5e8e7f23026dcd8
  RxRelay: 4f7409406a51a55cd88483f21ed898c234d60f18
  RxSwift: 8b0671caa829a763bbce7271095859121cbd895f
  RxTest: 4349afe98f564e0a9bc19063368904622d17d49a
  URITemplate: ace0c4c46dcf8afe6e89b4060621852886b15c3b

PODFILE CHECKSUM: 015fd9fb33496b559ad834b2b6ef7b09904bf3f4

COCOAPODS: 1.7.3
